
Microsoft Visual Studio Solution File, Format Version 12.00
# Visual Studio Version 17
VisualStudioVersion = 17.2.32516.85
MinimumVisualStudioVersion = 10.0.40219.1
Project("{E24C65DC-7377-472B-9ABA-BC803B73C61A}") = "gcdesk", "gcdesk\", "{FD1FCC58-E75F-4A5D-8E39-E064D5D756AF}"
	ProjectSection(WebsiteProperties) = preProject
		TargetFrameworkMoniker = ".NETFramework,Version%3Dv4.8"
		Debug.AspNetCompiler.VirtualPath = "/localhost_64016"
		Debug.AspNetCompiler.PhysicalPath = "gcdesk\"
		Debug.AspNetCompiler.TargetPath = "PrecompiledWeb\localhost_64016\"
		Debug.AspNetCompiler.Updateable = "true"
		Debug.AspNetCompiler.ForceOverwrite = "true"
		Debug.AspNetCompiler.FixedNames = "false"
		Debug.AspNetCompiler.Debug = "True"
		Release.AspNetCompiler.VirtualPath = "/localhost_64016"
		Release.AspNetCompiler.PhysicalPath = "gcdesk\"
		Release.AspNetCompiler.TargetPath = "PrecompiledWeb\localhost_64016\"
		Release.AspNetCompiler.Updateable = "true"
		Release.AspNetCompiler.ForceOverwrite = "true"
		Release.AspNetCompiler.FixedNames = "false"
		Release.AspNetCompiler.Debug = "False"
		VWDPort = "64016"
		SlnRelativePath = "gcdesk\"
		DefaultWebSiteLanguage = "Visual C#"
	EndProjectSection
EndProject
Global
	GlobalSection(SolutionConfigurationPlatforms) = preSolution
		Debug|Any CPU = Debug|Any CPU
	EndGlobalSection
	GlobalSection(ProjectConfigurationPlatforms) = postSolution
		{FD1FCC58-E75F-4A5D-8E39-E064D5D756AF}.Debug|Any CPU.ActiveCfg = Debug|Any CPU
		{FD1FCC58-E75F-4A5D-8E39-E064D5D756AF}.Debug|Any CPU.Build.0 = Debug|Any CPU
	EndGlobalSection
	GlobalSection(SolutionProperties) = preSolution
		HideSolutionNode = FALSE
	EndGlobalSection
	GlobalSection(ExtensibilityGlobals) = postSolution
		SolutionGuid = {95C321DE-3658-429E-99C0-CD4B1E450D45}
	EndGlobalSection
EndGlobal
