
Microsoft Visual Studio Solution File, Format Version 12.00
# Visual Studio 15
VisualStudioVersion = 15.0.28307.1800
MinimumVisualStudioVersion = 10.0.40219.1
Project("{E24C65DC-7377-472B-9ABA-BC803B73C61A}") = "gcdesk", "gcdesk\", "{4AC4D91E-6083-4F9B-9108-5450C25FE332}"
	ProjectSection(WebsiteProperties) = preProject
		TargetFrameworkMoniker = ".NETFramework,Version%3Dv4.5"
		Debug.AspNetCompiler.VirtualPath = "/localhost_64016"
		Debug.AspNetCompiler.PhysicalPath = "gcdesk\"
		Debug.AspNetCompiler.TargetPath = "PrecompiledWeb\localhost_64016\"
		Debug.AspNetCompiler.Updateable = "true"
		Debug.AspNetCompiler.ForceOverwrite = "true"
		Debug.AspNetCompiler.FixedNames = "false"
		Debug.AspNetCompiler.Debug = "True"
		Release.AspNetCompiler.VirtualPath = "/localhost_64016"
		Release.AspNetCompiler.PhysicalPath = "gcdesk\"
		Release.AspNetCompiler.TargetPath = "PrecompiledWeb\localhost_64016\"
		Release.AspNetCompiler.Updateable = "true"
		Release.AspNetCompiler.ForceOverwrite = "true"
		Release.AspNetCompiler.FixedNames = "false"
		Release.AspNetCompiler.Debug = "False"
		VWDPort = "64016"
		SlnRelativePath = "gcdesk\"
		DefaultWebSiteLanguage = "Visual C#"
	EndProjectSection
EndProject
Global
	GlobalSection(SolutionConfigurationPlatforms) = preSolution
		Debug|Any CPU = Debug|Any CPU
	EndGlobalSection
	GlobalSection(ProjectConfigurationPlatforms) = postSolution
		{4AC4D91E-6083-4F9B-9108-5450C25FE332}.Debug|Any CPU.ActiveCfg = Debug|Any CPU
		{4AC4D91E-6083-4F9B-9108-5450C25FE332}.Debug|Any CPU.Build.0 = Debug|Any CPU
	EndGlobalSection
	GlobalSection(SolutionProperties) = preSolution
		HideSolutionNode = FALSE
	EndGlobalSection
	GlobalSection(ExtensibilityGlobals) = postSolution
		SolutionGuid = {95C321DE-3658-429E-99C0-CD4B1E450D45}
	EndGlobalSection
EndGlobal
